{
  "object": {
    "pins": [
      {
        "package": "NavigationTitleView",
        "repositoryURL": "https://github.com/amonshiz/NavigationTitleView",
        "state": {
          "branch": "main",
          "revision": "6af1a05924fdc327b3e9f2b5f64bdbce45f96b94",
          "version": null
        }
      }
    ]
  },
  "version": 1
}
